
Microsoft Visual Studio Solution File, Format Version 12.00
# Visual Studio Version 17
VisualStudioVersion = 17.11.35327.3
MinimumVisualStudioVersion = 10.0.40219.1
Project("{9A19103F-16F7-4668-BE54-9A1E7A4F7556}") = "IMS_Main", "IMS_Main.csproj", "{03CE6AC5-814B-4807-922D-D86460E423A3}"
EndProject
Project("{9A19103F-16F7-4668-BE54-9A1E7A4F7556}") = "DataModels", "..\DataModels\DataModels.csproj", "{D23744AF-6E4E-4CBE-B6F8-DF496BF9796E}"
EndProject
Project("{FAE04EC0-301F-11D3-BF4B-00C04F79EFBC}") = "DataAccessLayer", "..\DataAccessLayer\DataAccessLayer.csproj", "{B9DF3E5B-1379-4D84-9827-052D701E25A1}"
EndProject
Global
	GlobalSection(SolutionConfigurationPlatforms) = preSolution
		Debug|Any CPU = Debug|Any CPU
		Release|Any CPU = Release|Any CPU
	EndGlobalSection
	GlobalSection(ProjectConfigurationPlatforms) = postSolution
		{03CE6AC5-814B-4807-922D-D86460E423A3}.Debug|Any CPU.ActiveCfg = Debug|Any CPU
		{03CE6AC5-814B-4807-922D-D86460E423A3}.Debug|Any CPU.Build.0 = Debug|Any CPU
		{03CE6AC5-814B-4807-922D-D86460E423A3}.Release|Any CPU.ActiveCfg = Release|Any CPU
		{03CE6AC5-814B-4807-922D-D86460E423A3}.Release|Any CPU.Build.0 = Release|Any CPU
		{D23744AF-6E4E-4CBE-B6F8-DF496BF9796E}.Debug|Any CPU.ActiveCfg = Debug|Any CPU
		{D23744AF-6E4E-4CBE-B6F8-DF496BF9796E}.Debug|Any CPU.Build.0 = Debug|Any CPU
		{D23744AF-6E4E-4CBE-B6F8-DF496BF9796E}.Release|Any CPU.ActiveCfg = Release|Any CPU
		{D23744AF-6E4E-4CBE-B6F8-DF496BF9796E}.Release|Any CPU.Build.0 = Release|Any CPU
		{B9DF3E5B-1379-4D84-9827-052D701E25A1}.Debug|Any CPU.ActiveCfg = Debug|Any CPU
		{B9DF3E5B-1379-4D84-9827-052D701E25A1}.Debug|Any CPU.Build.0 = Debug|Any CPU
		{B9DF3E5B-1379-4D84-9827-052D701E25A1}.Release|Any CPU.ActiveCfg = Release|Any CPU
		{B9DF3E5B-1379-4D84-9827-052D701E25A1}.Release|Any CPU.Build.0 = Release|Any CPU
	EndGlobalSection
	GlobalSection(SolutionProperties) = preSolution
		HideSolutionNode = FALSE
	EndGlobalSection
	GlobalSection(ExtensibilityGlobals) = postSolution
		SolutionGuid = {DEB2B686-ED7F-4CBD-9105-EF6714B6E4E5}
	EndGlobalSection
EndGlobal
